
Microsoft Visual Studio Solution File, Format Version 12.00
# Visual Studio Version 17
VisualStudioVersion = 17.10.34916.146
MinimumVisualStudioVersion = 10.0.40219.1
Project("{FAE04EC0-301F-11D3-BF4B-00C04F79EFBC}") = "BattleShip", "BattleShip\BattleShip.csproj", "{3F933C87-C86E-4174-AFC7-B7B90EAB7FE3}"
EndProject
Project("{FAE04EC0-301F-11D3-BF4B-00C04F79EFBC}") = "Presentation", "Presentation\Presentation.csproj", "{7F6955A9-E47E-4529-9118-E10B31D1551D}"
EndProject
Project("{FAE04EC0-301F-11D3-BF4B-00C04F79EFBC}") = "BattleShipControllerTest", "BattleShipControllerTest\BattleShipControllerTest.csproj", "{26CF3E6C-D922-4939-8376-7E95074680DB}"
EndProject
Global
	GlobalSection(SolutionConfigurationPlatforms) = preSolution
		Debug|Any CPU = Debug|Any CPU
		Release|Any CPU = Release|Any CPU
	EndGlobalSection
	GlobalSection(ProjectConfigurationPlatforms) = postSolution
		{3F933C87-C86E-4174-AFC7-B7B90EAB7FE3}.Debug|Any CPU.ActiveCfg = Debug|Any CPU
		{3F933C87-C86E-4174-AFC7-B7B90EAB7FE3}.Debug|Any CPU.Build.0 = Debug|Any CPU
		{3F933C87-C86E-4174-AFC7-B7B90EAB7FE3}.Release|Any CPU.ActiveCfg = Release|Any CPU
		{3F933C87-C86E-4174-AFC7-B7B90EAB7FE3}.Release|Any CPU.Build.0 = Release|Any CPU
		{7F6955A9-E47E-4529-9118-E10B31D1551D}.Debug|Any CPU.ActiveCfg = Debug|Any CPU
		{7F6955A9-E47E-4529-9118-E10B31D1551D}.Debug|Any CPU.Build.0 = Debug|Any CPU
		{7F6955A9-E47E-4529-9118-E10B31D1551D}.Release|Any CPU.ActiveCfg = Release|Any CPU
		{7F6955A9-E47E-4529-9118-E10B31D1551D}.Release|Any CPU.Build.0 = Release|Any CPU
		{26CF3E6C-D922-4939-8376-7E95074680DB}.Debug|Any CPU.ActiveCfg = Debug|Any CPU
		{26CF3E6C-D922-4939-8376-7E95074680DB}.Debug|Any CPU.Build.0 = Debug|Any CPU
		{26CF3E6C-D922-4939-8376-7E95074680DB}.Release|Any CPU.ActiveCfg = Release|Any CPU
		{26CF3E6C-D922-4939-8376-7E95074680DB}.Release|Any CPU.Build.0 = Release|Any CPU
	EndGlobalSection
	GlobalSection(SolutionProperties) = preSolution
		HideSolutionNode = FALSE
	EndGlobalSection
	GlobalSection(ExtensibilityGlobals) = postSolution
		SolutionGuid = {19E9B5D3-045D-4415-98D3-296751ED6AD0}
	EndGlobalSection
EndGlobal
